
Microsoft Visual Studio Solution File, Format Version 12.00
# Visual Studio 15
Project("{FAE04EC0-301F-11D3-BF4B-00C04F79EFBC}") = "MyRidesChallenge.Android", "MyRidesChallenge.Android\MyRidesChallenge.Android.csproj", "{B696C2EB-733D-4FAD-B358-342878F3BA9C}"
EndProject
Project("{FAE04EC0-301F-11D3-BF4B-00C04F79EFBC}") = "MyRidesChallenge.iOS", "MyRidesChallenge.iOS\MyRidesChallenge.iOS.csproj", "{28E8F070-D36A-4083-8987-8C1FD036B82A}"
EndProject
Project("{FAE04EC0-301F-11D3-BF4B-00C04F79EFBC}") = "MyRidesChallenge", "MyRidesChallenge\MyRidesChallenge.csproj", "{C8F54B8F-D59D-4467-9AC4-875601DD0DE4}"
EndProject
Global
	GlobalSection(SolutionConfigurationPlatforms) = preSolution
		Debug|Any CPU = Debug|Any CPU
		Release|Any CPU = Release|Any CPU
		Debug|iPhoneSimulator = Debug|iPhoneSimulator
		Release|iPhoneSimulator = Release|iPhoneSimulator
		Debug|iPhone = Debug|iPhone
		Release|iPhone = Release|iPhone
	EndGlobalSection
	GlobalSection(ProjectConfigurationPlatforms) = postSolution
		{B696C2EB-733D-4FAD-B358-342878F3BA9C}.Debug|Any CPU.ActiveCfg = Debug|Any CPU
		{B696C2EB-733D-4FAD-B358-342878F3BA9C}.Debug|Any CPU.Build.0 = Debug|Any CPU
		{B696C2EB-733D-4FAD-B358-342878F3BA9C}.Release|Any CPU.ActiveCfg = Release|Any CPU
		{B696C2EB-733D-4FAD-B358-342878F3BA9C}.Release|Any CPU.Build.0 = Release|Any CPU
		{B696C2EB-733D-4FAD-B358-342878F3BA9C}.Debug|iPhoneSimulator.ActiveCfg = Debug|Any CPU
		{B696C2EB-733D-4FAD-B358-342878F3BA9C}.Debug|iPhoneSimulator.Build.0 = Debug|Any CPU
		{B696C2EB-733D-4FAD-B358-342878F3BA9C}.Release|iPhoneSimulator.ActiveCfg = Release|Any CPU
		{B696C2EB-733D-4FAD-B358-342878F3BA9C}.Release|iPhoneSimulator.Build.0 = Release|Any CPU
		{B696C2EB-733D-4FAD-B358-342878F3BA9C}.Debug|iPhone.ActiveCfg = Debug|Any CPU
		{B696C2EB-733D-4FAD-B358-342878F3BA9C}.Debug|iPhone.Build.0 = Debug|Any CPU
		{B696C2EB-733D-4FAD-B358-342878F3BA9C}.Release|iPhone.ActiveCfg = Release|Any CPU
		{B696C2EB-733D-4FAD-B358-342878F3BA9C}.Release|iPhone.Build.0 = Release|Any CPU
		{28E8F070-D36A-4083-8987-8C1FD036B82A}.Debug|Any CPU.ActiveCfg = Debug|iPhoneSimulator
		{28E8F070-D36A-4083-8987-8C1FD036B82A}.Debug|Any CPU.Build.0 = Debug|iPhoneSimulator
		{28E8F070-D36A-4083-8987-8C1FD036B82A}.Release|Any CPU.ActiveCfg = Release|iPhoneSimulator
		{28E8F070-D36A-4083-8987-8C1FD036B82A}.Release|Any CPU.Build.0 = Release|iPhoneSimulator
		{28E8F070-D36A-4083-8987-8C1FD036B82A}.Debug|iPhoneSimulator.ActiveCfg = Debug|iPhoneSimulator
		{28E8F070-D36A-4083-8987-8C1FD036B82A}.Debug|iPhoneSimulator.Build.0 = Debug|iPhoneSimulator
		{28E8F070-D36A-4083-8987-8C1FD036B82A}.Release|iPhoneSimulator.ActiveCfg = Release|iPhoneSimulator
		{28E8F070-D36A-4083-8987-8C1FD036B82A}.Release|iPhoneSimulator.Build.0 = Release|iPhoneSimulator
		{28E8F070-D36A-4083-8987-8C1FD036B82A}.Debug|iPhone.ActiveCfg = Debug|iPhone
		{28E8F070-D36A-4083-8987-8C1FD036B82A}.Debug|iPhone.Build.0 = Debug|iPhone
		{28E8F070-D36A-4083-8987-8C1FD036B82A}.Release|iPhone.ActiveCfg = Release|iPhone
		{28E8F070-D36A-4083-8987-8C1FD036B82A}.Release|iPhone.Build.0 = Release|iPhone
		{C8F54B8F-D59D-4467-9AC4-875601DD0DE4}.Debug|Any CPU.ActiveCfg = Debug|Any CPU
		{C8F54B8F-D59D-4467-9AC4-875601DD0DE4}.Debug|Any CPU.Build.0 = Debug|Any CPU
		{C8F54B8F-D59D-4467-9AC4-875601DD0DE4}.Release|Any CPU.ActiveCfg = Release|Any CPU
		{C8F54B8F-D59D-4467-9AC4-875601DD0DE4}.Release|Any CPU.Build.0 = Release|Any CPU
		{C8F54B8F-D59D-4467-9AC4-875601DD0DE4}.Debug|iPhoneSimulator.ActiveCfg = Debug|Any CPU
		{C8F54B8F-D59D-4467-9AC4-875601DD0DE4}.Debug|iPhoneSimulator.Build.0 = Debug|Any CPU
		{C8F54B8F-D59D-4467-9AC4-875601DD0DE4}.Release|iPhoneSimulator.ActiveCfg = Release|Any CPU
		{C8F54B8F-D59D-4467-9AC4-875601DD0DE4}.Release|iPhoneSimulator.Build.0 = Release|Any CPU
		{C8F54B8F-D59D-4467-9AC4-875601DD0DE4}.Debug|iPhone.ActiveCfg = Debug|Any CPU
		{C8F54B8F-D59D-4467-9AC4-875601DD0DE4}.Debug|iPhone.Build.0 = Debug|Any CPU
		{C8F54B8F-D59D-4467-9AC4-875601DD0DE4}.Release|iPhone.ActiveCfg = Release|Any CPU
		{C8F54B8F-D59D-4467-9AC4-875601DD0DE4}.Release|iPhone.Build.0 = Release|Any CPU
	EndGlobalSection
EndGlobal
